
Microsoft Visual Studio Solution File, Format Version 11.00
# Visual Studio 2010
Project("{FAE04EC0-301F-11D3-BF4B-00C04F79EFBC}") = "UnityEngine.TestRunner", "UnityEngine.TestRunner.csproj", "{9e97f410-e4d1-c12f-eeed-8c6cdb827bab}"
EndProject
Project("{FAE04EC0-301F-11D3-BF4B-00C04F79EFBC}") = "UnityEngine.UI", "UnityEngine.UI.csproj", "{c5f0e088-eb9f-2737-7bc5-e3afad3b1bd1}"
EndProject
Project("{FAE04EC0-301F-11D3-BF4B-00C04F79EFBC}") = "Unity.VisualScripting.Flow", "Unity.VisualScripting.Flow.csproj", "{46efc9de-30df-283c-0d66-02dfcc528e49}"
EndProject
Project("{FAE04EC0-301F-11D3-BF4B-00C04F79EFBC}") = "Unity.Services.Core.Telemetry", "Unity.Services.Core.Telemetry.csproj", "{abcbf565-eafd-7175-c2d7-5c2782196bd5}"
EndProject
Project("{FAE04EC0-301F-11D3-BF4B-00C04F79EFBC}") = "Unity.VisualScripting.State", "Unity.VisualScripting.State.csproj", "{e50b1725-1868-fc32-67c4-693a6997ecee}"
EndProject
Project("{FAE04EC0-301F-11D3-BF4B-00C04F79EFBC}") = "Unity.VisualScripting.Core", "Unity.VisualScripting.Core.csproj", "{46e0ba0f-7c93-09ef-9702-266acd6cfc41}"
EndProject
Project("{FAE04EC0-301F-11D3-BF4B-00C04F79EFBC}") = "Unity.Services.Core.Environments.Internal", "Unity.Services.Core.Environments.Internal.csproj", "{2de3380a-154f-6b81-a871-74eab53661f3}"
EndProject
Project("{FAE04EC0-301F-11D3-BF4B-00C04F79EFBC}") = "Unity.TextMeshPro", "Unity.TextMeshPro.csproj", "{5febe77c-5028-f3a1-6dcd-8c544e155972}"
EndProject
Project("{FAE04EC0-301F-11D3-BF4B-00C04F79EFBC}") = "Unity.Timeline", "Unity.Timeline.csproj", "{c55101c2-233f-5db7-39d6-9b131b8f18de}"
EndProject
Project("{FAE04EC0-301F-11D3-BF4B-00C04F79EFBC}") = "Unity.Services.Core", "Unity.Services.Core.csproj", "{71b62066-98ca-0496-ed3b-f2a59064496e}"
EndProject
Project("{FAE04EC0-301F-11D3-BF4B-00C04F79EFBC}") = "Unity.Services.Core.Environments", "Unity.Services.Core.Environments.csproj", "{7ba7dc58-4916-ffbe-7a80-86b3176b3f7a}"
EndProject
Project("{FAE04EC0-301F-11D3-BF4B-00C04F79EFBC}") = "Unity.Services.Core.Internal", "Unity.Services.Core.Internal.csproj", "{3db6db6e-7686-6690-90ac-4af7409e61f1}"
EndProject
Project("{FAE04EC0-301F-11D3-BF4B-00C04F79EFBC}") = "Unity.Services.Core.Analytics", "Unity.Services.Core.Analytics.csproj", "{b504859a-88b8-7567-d802-6d57c13e981e}"
EndProject
Project("{FAE04EC0-301F-11D3-BF4B-00C04F79EFBC}") = "Unity.Services.Core.Scheduler", "Unity.Services.Core.Scheduler.csproj", "{38de2638-60f0-c66b-7e67-50b2164d9b7a}"
EndProject
Project("{FAE04EC0-301F-11D3-BF4B-00C04F79EFBC}") = "Unity.Services.Core.Registration", "Unity.Services.Core.Registration.csproj", "{c1ae1ca2-343b-d8b2-517b-2a7cea5b5e6f}"
EndProject
Project("{FAE04EC0-301F-11D3-BF4B-00C04F79EFBC}") = "Unity.Services.Core.Device", "Unity.Services.Core.Device.csproj", "{3c5ff4b7-d67d-373c-4bb5-e0f02604fbc0}"
EndProject
Project("{FAE04EC0-301F-11D3-BF4B-00C04F79EFBC}") = "Unity.Services.Core.Threading", "Unity.Services.Core.Threading.csproj", "{3bc58197-af68-547b-7c12-4df66e6cd240}"
EndProject
Project("{FAE04EC0-301F-11D3-BF4B-00C04F79EFBC}") = "Unity.Services.Core.Networking", "Unity.Services.Core.Networking.csproj", "{81ec54a9-1c81-589f-924f-1f6085809cf4}"
EndProject
Project("{FAE04EC0-301F-11D3-BF4B-00C04F79EFBC}") = "Unity.Services.Core.Configuration", "Unity.Services.Core.Configuration.csproj", "{40c72525-3fcf-d70c-5843-77ff8297d04e}"
EndProject
Project("{FAE04EC0-301F-11D3-BF4B-00C04F79EFBC}") = "Assembly-CSharp", "Assembly-CSharp.csproj", "{eff4a067-1f1a-d77e-101d-b2dd2db28573}"
EndProject
Project("{FAE04EC0-301F-11D3-BF4B-00C04F79EFBC}") = "Unity.PlasticSCM.Editor", "Unity.PlasticSCM.Editor.csproj", "{ed5252a7-2dd2-f036-08da-44f755c2010b}"
EndProject
Project("{FAE04EC0-301F-11D3-BF4B-00C04F79EFBC}") = "Unity.VisualScripting.Core.Editor", "Unity.VisualScripting.Core.Editor.csproj", "{142471cb-f00b-c808-4527-b86ea10159a3}"
EndProject
Project("{FAE04EC0-301F-11D3-BF4B-00C04F79EFBC}") = "Unity.VisualScripting.Flow.Editor", "Unity.VisualScripting.Flow.Editor.csproj", "{cd108417-c549-b9a2-da5a-59180d2a7520}"
EndProject
Project("{FAE04EC0-301F-11D3-BF4B-00C04F79EFBC}") = "Unity.VisualStudio.Editor", "Unity.VisualStudio.Editor.csproj", "{5d01fc44-26f0-3f37-a1f9-5d00c3b74d5c}"
EndProject
Project("{FAE04EC0-301F-11D3-BF4B-00C04F79EFBC}") = "Unity.Timeline.Editor", "Unity.Timeline.Editor.csproj", "{5dd75e55-4bbd-bd04-3acf-d4cf2bdf9352}"
EndProject
Project("{FAE04EC0-301F-11D3-BF4B-00C04F79EFBC}") = "Unity.VisualScripting.State.Editor", "Unity.VisualScripting.State.Editor.csproj", "{12be8e9a-3ea2-a153-08ac-c4b02025711a}"
EndProject
Project("{FAE04EC0-301F-11D3-BF4B-00C04F79EFBC}") = "Unity.TextMeshPro.Editor", "Unity.TextMeshPro.Editor.csproj", "{40feba93-a123-a5b5-2196-d1425d926cbc}"
EndProject
Project("{FAE04EC0-301F-11D3-BF4B-00C04F79EFBC}") = "Unity.VisualScripting.SettingsProvider.Editor", "Unity.VisualScripting.SettingsProvider.Editor.csproj", "{8d40ba7c-3cca-f9a5-61c5-8de20151676e}"
EndProject
Project("{FAE04EC0-301F-11D3-BF4B-00C04F79EFBC}") = "Unity.CollabProxy.Editor", "Unity.CollabProxy.Editor.csproj", "{590dc1fc-28d8-f04e-2a9b-53d9fa8098fa}"
EndProject
Project("{FAE04EC0-301F-11D3-BF4B-00C04F79EFBC}") = "UnityEditor.TestRunner", "UnityEditor.TestRunner.csproj", "{56761602-2e11-14e8-c523-e0a1348d1d4f}"
EndProject
Project("{FAE04EC0-301F-11D3-BF4B-00C04F79EFBC}") = "Unity.Services.Core.Editor", "Unity.Services.Core.Editor.csproj", "{f42492ff-1e73-f0c3-60f0-07169d064a15}"
EndProject
Project("{FAE04EC0-301F-11D3-BF4B-00C04F79EFBC}") = "Unity.TestTools.CodeCoverage.Editor", "Unity.TestTools.CodeCoverage.Editor.csproj", "{3d39937d-3f53-7fb1-035e-a50b344a977f}"
EndProject
Project("{FAE04EC0-301F-11D3-BF4B-00C04F79EFBC}") = "Unity.Rider.Editor", "Unity.Rider.Editor.csproj", "{d2ab14eb-348a-8119-ad5e-9d8ccf557f83}"
EndProject
Project("{FAE04EC0-301F-11D3-BF4B-00C04F79EFBC}") = "Unity.Performance.Profile-Analyzer.Editor", "Unity.Performance.Profile-Analyzer.Editor.csproj", "{6cdc7fa3-5090-72e5-187e-df1fe4734c97}"
EndProject
Project("{FAE04EC0-301F-11D3-BF4B-00C04F79EFBC}") = "Unity.VSCode.Editor", "Unity.VSCode.Editor.csproj", "{6e24e51c-1d52-434d-a4a2-34a7c91167ee}"
EndProject
Project("{FAE04EC0-301F-11D3-BF4B-00C04F79EFBC}") = "UnityEditor.UI", "UnityEditor.UI.csproj", "{78238954-fee7-8727-ea66-9f923a9d9031}"
EndProject
Project("{FAE04EC0-301F-11D3-BF4B-00C04F79EFBC}") = "Unity.TestTools.CodeCoverage.Editor.OpenCover.Model", "Unity.TestTools.CodeCoverage.Editor.OpenCover.Model.csproj", "{803490f0-6d5a-47ab-16c9-dbedf9b83dea}"
EndProject
Project("{FAE04EC0-301F-11D3-BF4B-00C04F79EFBC}") = "Unity.EditorCoroutines.Editor", "Unity.EditorCoroutines.Editor.csproj", "{6386cdd0-b5eb-15da-dcfb-a98c75fd2ddc}"
EndProject
Project("{FAE04EC0-301F-11D3-BF4B-00C04F79EFBC}") = "Unity.Settings.Editor", "Unity.Settings.Editor.csproj", "{8e69c3de-0bcf-cc70-4add-aa5728742a9d}"
EndProject
Project("{FAE04EC0-301F-11D3-BF4B-00C04F79EFBC}") = "Unity.Services.Core.Configuration.Editor", "Unity.Services.Core.Configuration.Editor.csproj", "{e2724704-f9f5-cd04-0964-1f6ffecb815a}"
EndProject
Project("{FAE04EC0-301F-11D3-BF4B-00C04F79EFBC}") = "Unity.TestTools.CodeCoverage.Editor.OpenCover.Mono.Reflection", "Unity.TestTools.CodeCoverage.Editor.OpenCover.Mono.Reflection.csproj", "{68c28617-efde-b89c-4f9f-2cc82acfde8d}"
EndProject
Project("{FAE04EC0-301F-11D3-BF4B-00C04F79EFBC}") = "Unity.VisualScripting.Shared.Editor", "Unity.VisualScripting.Shared.Editor.csproj", "{7cc34352-443d-08a9-5f7b-e7c6717389fd}"
EndProject
Project("{FAE04EC0-301F-11D3-BF4B-00C04F79EFBC}") = "UnityEngine.TestRunner", "UnityEngine.TestRunner.Player.csproj", "{9635aefa-fd12-4687-5ddb-ce91906657b3}"
EndProject
Project("{FAE04EC0-301F-11D3-BF4B-00C04F79EFBC}") = "UnityEngine.UI", "UnityEngine.UI.Player.csproj", "{49bef5eb-5678-2e31-0230-141f8ad2fa8d}"
EndProject
Project("{FAE04EC0-301F-11D3-BF4B-00C04F79EFBC}") = "Unity.VisualScripting.Flow", "Unity.VisualScripting.Flow.Player.csproj", "{45117896-4d96-f9a8-35ef-9df0552b9ad3}"
EndProject
Project("{FAE04EC0-301F-11D3-BF4B-00C04F79EFBC}") = "Unity.Services.Core.Telemetry", "Unity.Services.Core.Telemetry.Player.csproj", "{03d3996e-a0e6-4d3c-2759-8752083e416e}"
EndProject
Project("{FAE04EC0-301F-11D3-BF4B-00C04F79EFBC}") = "Unity.VisualScripting.State", "Unity.VisualScripting.State.Player.csproj", "{ef3b2055-8c36-54a1-199c-c514ccf7ff05}"
EndProject
Project("{FAE04EC0-301F-11D3-BF4B-00C04F79EFBC}") = "Unity.VisualScripting.Core", "Unity.VisualScripting.Core.Player.csproj", "{a7540d64-cad3-d40d-db6e-9a85958f1722}"
EndProject
Project("{FAE04EC0-301F-11D3-BF4B-00C04F79EFBC}") = "Unity.Services.Core.Environments.Internal", "Unity.Services.Core.Environments.Internal.Player.csproj", "{2e4a52f8-8b35-17db-51c0-dca9d3fb104c}"
EndProject
Project("{FAE04EC0-301F-11D3-BF4B-00C04F79EFBC}") = "Unity.TextMeshPro", "Unity.TextMeshPro.Player.csproj", "{2acefb60-35a0-5b7c-dcee-a649179a8ba4}"
EndProject
Project("{FAE04EC0-301F-11D3-BF4B-00C04F79EFBC}") = "Unity.Timeline", "Unity.Timeline.Player.csproj", "{f46469d7-22b9-f748-b8bf-019ff112911a}"
EndProject
Project("{FAE04EC0-301F-11D3-BF4B-00C04F79EFBC}") = "Unity.Services.Core", "Unity.Services.Core.Player.csproj", "{7fa33af1-e075-211e-26f0-75d860c10cff}"
EndProject
Project("{FAE04EC0-301F-11D3-BF4B-00C04F79EFBC}") = "Unity.Services.Core.Environments", "Unity.Services.Core.Environments.Player.csproj", "{090a3c2f-f478-352a-2801-a7d4f5b67385}"
EndProject
Project("{FAE04EC0-301F-11D3-BF4B-00C04F79EFBC}") = "Unity.Services.Core.Internal", "Unity.Services.Core.Internal.Player.csproj", "{558f3c3b-629e-cdf7-b269-de9fcba335a2}"
EndProject
Project("{FAE04EC0-301F-11D3-BF4B-00C04F79EFBC}") = "Unity.Services.Core.Analytics", "Unity.Services.Core.Analytics.Player.csproj", "{94110322-ca42-f1ea-469e-d87859bfe23c}"
EndProject
Project("{FAE04EC0-301F-11D3-BF4B-00C04F79EFBC}") = "Unity.Services.Core.Scheduler", "Unity.Services.Core.Scheduler.Player.csproj", "{ad112d3d-a53b-1792-2007-ba44aa011e1f}"
EndProject
Project("{FAE04EC0-301F-11D3-BF4B-00C04F79EFBC}") = "Unity.Services.Core.Registration", "Unity.Services.Core.Registration.Player.csproj", "{3adbb6f7-462e-5fc5-c48f-918d102ad6c5}"
EndProject
Project("{FAE04EC0-301F-11D3-BF4B-00C04F79EFBC}") = "Unity.Services.Core.Device", "Unity.Services.Core.Device.Player.csproj", "{3ff4ef7f-7c3c-ab45-e52a-b7ccf091aee4}"
EndProject
Project("{FAE04EC0-301F-11D3-BF4B-00C04F79EFBC}") = "Unity.Services.Core.Threading", "Unity.Services.Core.Threading.Player.csproj", "{83784768-8e0d-9506-2d1c-8f74112495cc}"
EndProject
Project("{FAE04EC0-301F-11D3-BF4B-00C04F79EFBC}") = "Unity.Services.Core.Networking", "Unity.Services.Core.Networking.Player.csproj", "{4897692e-e6d8-63cd-7bee-caaedc622bc0}"
EndProject
Project("{FAE04EC0-301F-11D3-BF4B-00C04F79EFBC}") = "Unity.Services.Core.Configuration", "Unity.Services.Core.Configuration.Player.csproj", "{6067814a-9356-10ee-7147-cfbf3c5a58f5}"
EndProject
Project("{FAE04EC0-301F-11D3-BF4B-00C04F79EFBC}") = "Assembly-CSharp", "Assembly-CSharp.Player.csproj", "{fb9bddc2-7a87-f70a-40dd-cd384485abca}"
EndProject
Project("{FAE04EC0-301F-11D3-BF4B-00C04F79EFBC}") = "Unity.TestTools.CodeCoverage.Editor.Compatibility", "Unity.TestTools.CodeCoverage.Editor.Compatibility.csproj", "{bf920804-da5a-9daa-f15b-8f0192c38113}"
EndProject
Project("{FAE04EC0-301F-11D3-BF4B-00C04F79EFBC}") = "Unity.TextMeshPro.Editor.Tests", "Unity.TextMeshPro.Editor.Tests.csproj", "{b03da7ff-15e2-8ac9-01b2-b68c2b92bff2}"
EndProject
Project("{FAE04EC0-301F-11D3-BF4B-00C04F79EFBC}") = "DocCodeExamples", "DocCodeExamples.csproj", "{a7ae0717-c432-1b48-209d-75fd29c39223}"
EndProject
Project("{FAE04EC0-301F-11D3-BF4B-00C04F79EFBC}") = "Unity.Performance.Profile-Analyzer.EditorTests", "Unity.Performance.Profile-Analyzer.EditorTests.csproj", "{f6c26478-a1e3-e786-e643-d9169b542540}"
EndProject
Project("{FAE04EC0-301F-11D3-BF4B-00C04F79EFBC}") = "Unity.Settings.Tests", "Unity.Settings.Tests.csproj", "{4187038a-f97a-7317-5199-f07519fa6027}"
EndProject
Project("{FAE04EC0-301F-11D3-BF4B-00C04F79EFBC}") = "UnityEngine.UI.Tests", "UnityEngine.UI.Tests.csproj", "{5cf6c176-b29c-cedc-8a22-85604f564afc}"
EndProject
Project("{FAE04EC0-301F-11D3-BF4B-00C04F79EFBC}") = "Unity.TextMeshPro.Tests", "Unity.TextMeshPro.Tests.csproj", "{f443fd50-7a0e-8244-a673-434b4a9f9f53}"
EndProject
Project("{FAE04EC0-301F-11D3-BF4B-00C04F79EFBC}") = "UnityEditor.UI.EditorTests", "UnityEditor.UI.EditorTests.csproj", "{431add82-e711-7288-8ed6-09228fd0180c}"
EndProject
Global
	GlobalSection(SolutionConfigurationPlatforms) = preSolution
		Debug|Any CPU = Debug|Any CPU
	EndGlobalSection
	GlobalSection(ProjectConfigurationPlatforms) = postSolution
		{9e97f410-e4d1-c12f-eeed-8c6cdb827bab}.Debug|Any CPU.ActiveCfg = Debug|Any CPU
		{9e97f410-e4d1-c12f-eeed-8c6cdb827bab}.Debug|Any CPU.Build.0 = Debug|Any CPU
		{c5f0e088-eb9f-2737-7bc5-e3afad3b1bd1}.Debug|Any CPU.ActiveCfg = Debug|Any CPU
		{c5f0e088-eb9f-2737-7bc5-e3afad3b1bd1}.Debug|Any CPU.Build.0 = Debug|Any CPU
		{46efc9de-30df-283c-0d66-02dfcc528e49}.Debug|Any CPU.ActiveCfg = Debug|Any CPU
		{46efc9de-30df-283c-0d66-02dfcc528e49}.Debug|Any CPU.Build.0 = Debug|Any CPU
		{abcbf565-eafd-7175-c2d7-5c2782196bd5}.Debug|Any CPU.ActiveCfg = Debug|Any CPU
		{abcbf565-eafd-7175-c2d7-5c2782196bd5}.Debug|Any CPU.Build.0 = Debug|Any CPU
		{e50b1725-1868-fc32-67c4-693a6997ecee}.Debug|Any CPU.ActiveCfg = Debug|Any CPU
		{e50b1725-1868-fc32-67c4-693a6997ecee}.Debug|Any CPU.Build.0 = Debug|Any CPU
		{46e0ba0f-7c93-09ef-9702-266acd6cfc41}.Debug|Any CPU.ActiveCfg = Debug|Any CPU
		{46e0ba0f-7c93-09ef-9702-266acd6cfc41}.Debug|Any CPU.Build.0 = Debug|Any CPU
		{2de3380a-154f-6b81-a871-74eab53661f3}.Debug|Any CPU.ActiveCfg = Debug|Any CPU
		{2de3380a-154f-6b81-a871-74eab53661f3}.Debug|Any CPU.Build.0 = Debug|Any CPU
		{5febe77c-5028-f3a1-6dcd-8c544e155972}.Debug|Any CPU.ActiveCfg = Debug|Any CPU
		{5febe77c-5028-f3a1-6dcd-8c544e155972}.Debug|Any CPU.Build.0 = Debug|Any CPU
		{c55101c2-233f-5db7-39d6-9b131b8f18de}.Debug|Any CPU.ActiveCfg = Debug|Any CPU
		{c55101c2-233f-5db7-39d6-9b131b8f18de}.Debug|Any CPU.Build.0 = Debug|Any CPU
		{71b62066-98ca-0496-ed3b-f2a59064496e}.Debug|Any CPU.ActiveCfg = Debug|Any CPU
		{71b62066-98ca-0496-ed3b-f2a59064496e}.Debug|Any CPU.Build.0 = Debug|Any CPU
		{7ba7dc58-4916-ffbe-7a80-86b3176b3f7a}.Debug|Any CPU.ActiveCfg = Debug|Any CPU
		{7ba7dc58-4916-ffbe-7a80-86b3176b3f7a}.Debug|Any CPU.Build.0 = Debug|Any CPU
		{3db6db6e-7686-6690-90ac-4af7409e61f1}.Debug|Any CPU.ActiveCfg = Debug|Any CPU
		{3db6db6e-7686-6690-90ac-4af7409e61f1}.Debug|Any CPU.Build.0 = Debug|Any CPU
		{b504859a-88b8-7567-d802-6d57c13e981e}.Debug|Any CPU.ActiveCfg = Debug|Any CPU
		{b504859a-88b8-7567-d802-6d57c13e981e}.Debug|Any CPU.Build.0 = Debug|Any CPU
		{38de2638-60f0-c66b-7e67-50b2164d9b7a}.Debug|Any CPU.ActiveCfg = Debug|Any CPU
		{38de2638-60f0-c66b-7e67-50b2164d9b7a}.Debug|Any CPU.Build.0 = Debug|Any CPU
		{c1ae1ca2-343b-d8b2-517b-2a7cea5b5e6f}.Debug|Any CPU.ActiveCfg = Debug|Any CPU
		{c1ae1ca2-343b-d8b2-517b-2a7cea5b5e6f}.Debug|Any CPU.Build.0 = Debug|Any CPU
		{3c5ff4b7-d67d-373c-4bb5-e0f02604fbc0}.Debug|Any CPU.ActiveCfg = Debug|Any CPU
		{3c5ff4b7-d67d-373c-4bb5-e0f02604fbc0}.Debug|Any CPU.Build.0 = Debug|Any CPU
		{3bc58197-af68-547b-7c12-4df66e6cd240}.Debug|Any CPU.ActiveCfg = Debug|Any CPU
		{3bc58197-af68-547b-7c12-4df66e6cd240}.Debug|Any CPU.Build.0 = Debug|Any CPU
		{81ec54a9-1c81-589f-924f-1f6085809cf4}.Debug|Any CPU.ActiveCfg = Debug|Any CPU
		{81ec54a9-1c81-589f-924f-1f6085809cf4}.Debug|Any CPU.Build.0 = Debug|Any CPU
		{40c72525-3fcf-d70c-5843-77ff8297d04e}.Debug|Any CPU.ActiveCfg = Debug|Any CPU
		{40c72525-3fcf-d70c-5843-77ff8297d04e}.Debug|Any CPU.Build.0 = Debug|Any CPU
		{eff4a067-1f1a-d77e-101d-b2dd2db28573}.Debug|Any CPU.ActiveCfg = Debug|Any CPU
		{eff4a067-1f1a-d77e-101d-b2dd2db28573}.Debug|Any CPU.Build.0 = Debug|Any CPU
		{ed5252a7-2dd2-f036-08da-44f755c2010b}.Debug|Any CPU.ActiveCfg = Debug|Any CPU
		{ed5252a7-2dd2-f036-08da-44f755c2010b}.Debug|Any CPU.Build.0 = Debug|Any CPU
		{142471cb-f00b-c808-4527-b86ea10159a3}.Debug|Any CPU.ActiveCfg = Debug|Any CPU
		{142471cb-f00b-c808-4527-b86ea10159a3}.Debug|Any CPU.Build.0 = Debug|Any CPU
		{cd108417-c549-b9a2-da5a-59180d2a7520}.Debug|Any CPU.ActiveCfg = Debug|Any CPU
		{cd108417-c549-b9a2-da5a-59180d2a7520}.Debug|Any CPU.Build.0 = Debug|Any CPU
		{5d01fc44-26f0-3f37-a1f9-5d00c3b74d5c}.Debug|Any CPU.ActiveCfg = Debug|Any CPU
		{5d01fc44-26f0-3f37-a1f9-5d00c3b74d5c}.Debug|Any CPU.Build.0 = Debug|Any CPU
		{5dd75e55-4bbd-bd04-3acf-d4cf2bdf9352}.Debug|Any CPU.ActiveCfg = Debug|Any CPU
		{5dd75e55-4bbd-bd04-3acf-d4cf2bdf9352}.Debug|Any CPU.Build.0 = Debug|Any CPU
		{12be8e9a-3ea2-a153-08ac-c4b02025711a}.Debug|Any CPU.ActiveCfg = Debug|Any CPU
		{12be8e9a-3ea2-a153-08ac-c4b02025711a}.Debug|Any CPU.Build.0 = Debug|Any CPU
		{40feba93-a123-a5b5-2196-d1425d926cbc}.Debug|Any CPU.ActiveCfg = Debug|Any CPU
		{40feba93-a123-a5b5-2196-d1425d926cbc}.Debug|Any CPU.Build.0 = Debug|Any CPU
		{8d40ba7c-3cca-f9a5-61c5-8de20151676e}.Debug|Any CPU.ActiveCfg = Debug|Any CPU
		{8d40ba7c-3cca-f9a5-61c5-8de20151676e}.Debug|Any CPU.Build.0 = Debug|Any CPU
		{590dc1fc-28d8-f04e-2a9b-53d9fa8098fa}.Debug|Any CPU.ActiveCfg = Debug|Any CPU
		{590dc1fc-28d8-f04e-2a9b-53d9fa8098fa}.Debug|Any CPU.Build.0 = Debug|Any CPU
		{56761602-2e11-14e8-c523-e0a1348d1d4f}.Debug|Any CPU.ActiveCfg = Debug|Any CPU
		{56761602-2e11-14e8-c523-e0a1348d1d4f}.Debug|Any CPU.Build.0 = Debug|Any CPU
		{f42492ff-1e73-f0c3-60f0-07169d064a15}.Debug|Any CPU.ActiveCfg = Debug|Any CPU
		{f42492ff-1e73-f0c3-60f0-07169d064a15}.Debug|Any CPU.Build.0 = Debug|Any CPU
		{3d39937d-3f53-7fb1-035e-a50b344a977f}.Debug|Any CPU.ActiveCfg = Debug|Any CPU
		{3d39937d-3f53-7fb1-035e-a50b344a977f}.Debug|Any CPU.Build.0 = Debug|Any CPU
		{d2ab14eb-348a-8119-ad5e-9d8ccf557f83}.Debug|Any CPU.ActiveCfg = Debug|Any CPU
		{d2ab14eb-348a-8119-ad5e-9d8ccf557f83}.Debug|Any CPU.Build.0 = Debug|Any CPU
		{6cdc7fa3-5090-72e5-187e-df1fe4734c97}.Debug|Any CPU.ActiveCfg = Debug|Any CPU
		{6cdc7fa3-5090-72e5-187e-df1fe4734c97}.Debug|Any CPU.Build.0 = Debug|Any CPU
		{6e24e51c-1d52-434d-a4a2-34a7c91167ee}.Debug|Any CPU.ActiveCfg = Debug|Any CPU
		{6e24e51c-1d52-434d-a4a2-34a7c91167ee}.Debug|Any CPU.Build.0 = Debug|Any CPU
		{78238954-fee7-8727-ea66-9f923a9d9031}.Debug|Any CPU.ActiveCfg = Debug|Any CPU
		{78238954-fee7-8727-ea66-9f923a9d9031}.Debug|Any CPU.Build.0 = Debug|Any CPU
		{803490f0-6d5a-47ab-16c9-dbedf9b83dea}.Debug|Any CPU.ActiveCfg = Debug|Any CPU
		{803490f0-6d5a-47ab-16c9-dbedf9b83dea}.Debug|Any CPU.Build.0 = Debug|Any CPU
		{6386cdd0-b5eb-15da-dcfb-a98c75fd2ddc}.Debug|Any CPU.ActiveCfg = Debug|Any CPU
		{6386cdd0-b5eb-15da-dcfb-a98c75fd2ddc}.Debug|Any CPU.Build.0 = Debug|Any CPU
		{8e69c3de-0bcf-cc70-4add-aa5728742a9d}.Debug|Any CPU.ActiveCfg = Debug|Any CPU
		{8e69c3de-0bcf-cc70-4add-aa5728742a9d}.Debug|Any CPU.Build.0 = Debug|Any CPU
		{e2724704-f9f5-cd04-0964-1f6ffecb815a}.Debug|Any CPU.ActiveCfg = Debug|Any CPU
		{e2724704-f9f5-cd04-0964-1f6ffecb815a}.Debug|Any CPU.Build.0 = Debug|Any CPU
		{68c28617-efde-b89c-4f9f-2cc82acfde8d}.Debug|Any CPU.ActiveCfg = Debug|Any CPU
		{68c28617-efde-b89c-4f9f-2cc82acfde8d}.Debug|Any CPU.Build.0 = Debug|Any CPU
		{7cc34352-443d-08a9-5f7b-e7c6717389fd}.Debug|Any CPU.ActiveCfg = Debug|Any CPU
		{7cc34352-443d-08a9-5f7b-e7c6717389fd}.Debug|Any CPU.Build.0 = Debug|Any CPU
		{9635aefa-fd12-4687-5ddb-ce91906657b3}.Debug|Any CPU.ActiveCfg = Debug|Any CPU
		{9635aefa-fd12-4687-5ddb-ce91906657b3}.Debug|Any CPU.Build.0 = Debug|Any CPU
		{49bef5eb-5678-2e31-0230-141f8ad2fa8d}.Debug|Any CPU.ActiveCfg = Debug|Any CPU
		{49bef5eb-5678-2e31-0230-141f8ad2fa8d}.Debug|Any CPU.Build.0 = Debug|Any CPU
		{45117896-4d96-f9a8-35ef-9df0552b9ad3}.Debug|Any CPU.ActiveCfg = Debug|Any CPU
		{45117896-4d96-f9a8-35ef-9df0552b9ad3}.Debug|Any CPU.Build.0 = Debug|Any CPU
		{03d3996e-a0e6-4d3c-2759-8752083e416e}.Debug|Any CPU.ActiveCfg = Debug|Any CPU
		{03d3996e-a0e6-4d3c-2759-8752083e416e}.Debug|Any CPU.Build.0 = Debug|Any CPU
		{ef3b2055-8c36-54a1-199c-c514ccf7ff05}.Debug|Any CPU.ActiveCfg = Debug|Any CPU
		{ef3b2055-8c36-54a1-199c-c514ccf7ff05}.Debug|Any CPU.Build.0 = Debug|Any CPU
		{a7540d64-cad3-d40d-db6e-9a85958f1722}.Debug|Any CPU.ActiveCfg = Debug|Any CPU
		{a7540d64-cad3-d40d-db6e-9a85958f1722}.Debug|Any CPU.Build.0 = Debug|Any CPU
		{2e4a52f8-8b35-17db-51c0-dca9d3fb104c}.Debug|Any CPU.ActiveCfg = Debug|Any CPU
		{2e4a52f8-8b35-17db-51c0-dca9d3fb104c}.Debug|Any CPU.Build.0 = Debug|Any CPU
		{2acefb60-35a0-5b7c-dcee-a649179a8ba4}.Debug|Any CPU.ActiveCfg = Debug|Any CPU
		{2acefb60-35a0-5b7c-dcee-a649179a8ba4}.Debug|Any CPU.Build.0 = Debug|Any CPU
		{f46469d7-22b9-f748-b8bf-019ff112911a}.Debug|Any CPU.ActiveCfg = Debug|Any CPU
		{f46469d7-22b9-f748-b8bf-019ff112911a}.Debug|Any CPU.Build.0 = Debug|Any CPU
		{7fa33af1-e075-211e-26f0-75d860c10cff}.Debug|Any CPU.ActiveCfg = Debug|Any CPU
		{7fa33af1-e075-211e-26f0-75d860c10cff}.Debug|Any CPU.Build.0 = Debug|Any CPU
		{090a3c2f-f478-352a-2801-a7d4f5b67385}.Debug|Any CPU.ActiveCfg = Debug|Any CPU
		{090a3c2f-f478-352a-2801-a7d4f5b67385}.Debug|Any CPU.Build.0 = Debug|Any CPU
		{558f3c3b-629e-cdf7-b269-de9fcba335a2}.Debug|Any CPU.ActiveCfg = Debug|Any CPU
		{558f3c3b-629e-cdf7-b269-de9fcba335a2}.Debug|Any CPU.Build.0 = Debug|Any CPU
		{94110322-ca42-f1ea-469e-d87859bfe23c}.Debug|Any CPU.ActiveCfg = Debug|Any CPU
		{94110322-ca42-f1ea-469e-d87859bfe23c}.Debug|Any CPU.Build.0 = Debug|Any CPU
		{ad112d3d-a53b-1792-2007-ba44aa011e1f}.Debug|Any CPU.ActiveCfg = Debug|Any CPU
		{ad112d3d-a53b-1792-2007-ba44aa011e1f}.Debug|Any CPU.Build.0 = Debug|Any CPU
		{3adbb6f7-462e-5fc5-c48f-918d102ad6c5}.Debug|Any CPU.ActiveCfg = Debug|Any CPU
		{3adbb6f7-462e-5fc5-c48f-918d102ad6c5}.Debug|Any CPU.Build.0 = Debug|Any CPU
		{3ff4ef7f-7c3c-ab45-e52a-b7ccf091aee4}.Debug|Any CPU.ActiveCfg = Debug|Any CPU
		{3ff4ef7f-7c3c-ab45-e52a-b7ccf091aee4}.Debug|Any CPU.Build.0 = Debug|Any CPU
		{83784768-8e0d-9506-2d1c-8f74112495cc}.Debug|Any CPU.ActiveCfg = Debug|Any CPU
		{83784768-8e0d-9506-2d1c-8f74112495cc}.Debug|Any CPU.Build.0 = Debug|Any CPU
		{4897692e-e6d8-63cd-7bee-caaedc622bc0}.Debug|Any CPU.ActiveCfg = Debug|Any CPU
		{4897692e-e6d8-63cd-7bee-caaedc622bc0}.Debug|Any CPU.Build.0 = Debug|Any CPU
		{6067814a-9356-10ee-7147-cfbf3c5a58f5}.Debug|Any CPU.ActiveCfg = Debug|Any CPU
		{6067814a-9356-10ee-7147-cfbf3c5a58f5}.Debug|Any CPU.Build.0 = Debug|Any CPU
		{fb9bddc2-7a87-f70a-40dd-cd384485abca}.Debug|Any CPU.ActiveCfg = Debug|Any CPU
		{fb9bddc2-7a87-f70a-40dd-cd384485abca}.Debug|Any CPU.Build.0 = Debug|Any CPU
		{bf920804-da5a-9daa-f15b-8f0192c38113}.Debug|Any CPU.ActiveCfg = Debug|Any CPU
		{bf920804-da5a-9daa-f15b-8f0192c38113}.Debug|Any CPU.Build.0 = Debug|Any CPU
		{b03da7ff-15e2-8ac9-01b2-b68c2b92bff2}.Debug|Any CPU.ActiveCfg = Debug|Any CPU
		{b03da7ff-15e2-8ac9-01b2-b68c2b92bff2}.Debug|Any CPU.Build.0 = Debug|Any CPU
		{a7ae0717-c432-1b48-209d-75fd29c39223}.Debug|Any CPU.ActiveCfg = Debug|Any CPU
		{a7ae0717-c432-1b48-209d-75fd29c39223}.Debug|Any CPU.Build.0 = Debug|Any CPU
		{f6c26478-a1e3-e786-e643-d9169b542540}.Debug|Any CPU.ActiveCfg = Debug|Any CPU
		{f6c26478-a1e3-e786-e643-d9169b542540}.Debug|Any CPU.Build.0 = Debug|Any CPU
		{4187038a-f97a-7317-5199-f07519fa6027}.Debug|Any CPU.ActiveCfg = Debug|Any CPU
		{4187038a-f97a-7317-5199-f07519fa6027}.Debug|Any CPU.Build.0 = Debug|Any CPU
		{5cf6c176-b29c-cedc-8a22-85604f564afc}.Debug|Any CPU.ActiveCfg = Debug|Any CPU
		{5cf6c176-b29c-cedc-8a22-85604f564afc}.Debug|Any CPU.Build.0 = Debug|Any CPU
		{f443fd50-7a0e-8244-a673-434b4a9f9f53}.Debug|Any CPU.ActiveCfg = Debug|Any CPU
		{f443fd50-7a0e-8244-a673-434b4a9f9f53}.Debug|Any CPU.Build.0 = Debug|Any CPU
		{431add82-e711-7288-8ed6-09228fd0180c}.Debug|Any CPU.ActiveCfg = Debug|Any CPU
		{431add82-e711-7288-8ed6-09228fd0180c}.Debug|Any CPU.Build.0 = Debug|Any CPU
	EndGlobalSection
	GlobalSection(SolutionProperties) = preSolution
		HideSolutionNode = FALSE
	EndGlobalSection
EndGlobal
